
Microsoft Visual Studio Solution File, Format Version 12.00
Project("{2150E333-8FDC-42A3-9474-1A3956D46DE8}") = "Services", "Services", "{9BBBBF1F-0143-495A-B568-0643DB974723}"
EndProject
Project("{FAE04EC0-301F-11D3-BF4B-00C04F79EFBC}") = "UBA.Panel.Report.Api", "Services\Reports\UBA.Panel.Report.Api\UBA.Panel.Report.Api.csproj", "{0805B87D-4087-4D21-8D4A-922588A5B1E7}"
EndProject
Project("{2150E333-8FDC-42A3-9474-1A3956D46DE8}") = "Reports", "Reports", "{AF899339-0F4E-44A7-8244-36797470D6F3}"
EndProject
Project("{FAE04EC0-301F-11D3-BF4B-00C04F79EFBC}") = "UBA.Panel.Report.Domain", "Services\Reports\UBA.Panel.Report.Domain\UBA.Panel.Report.Domain.csproj", "{250786E8-F627-46D6-91B8-1AD8D92F4DC0}"
EndProject
Project("{FAE04EC0-301F-11D3-BF4B-00C04F79EFBC}") = "UBA.Panel.Report.Infrastructure", "Services\Reports\UBA.Panel.Report.Infrastructure\UBA.Panel.Report.Infrastructure.csproj", "{B122F25C-E577-4CBC-B884-FA9578086911}"
EndProject
Project("{FAE04EC0-301F-11D3-BF4B-00C04F79EFBC}") = "UBA.Panel.Report.FileProcessor.Functions", "Services\Reports\UBA.Panel.Report.FileProcessor.Functions\UBA.Panel.Report.FileProcessor.Functions.csproj", "{970471F7-3287-4814-ABAD-21C5536FB912}"
EndProject
Project("{2150E333-8FDC-42A3-9474-1A3956D46DE8}") = "Frontend", "Frontend", "{E0A72528-84E5-43FD-8B05-9D986DD70C07}"
EndProject
Project("{FAE04EC0-301F-11D3-BF4B-00C04F79EFBC}") = "UBA.Panel.Report.Common", "Services\Reports\UBA.Panel.Report.Common\UBA.Panel.Report.Common.csproj", "{14B5A0D8-3AC6-4DC0-B1CC-5F25B6A6EEE2}"
EndProject
Project("{2150E333-8FDC-42A3-9474-1A3956D46DE8}") = "Tests", "Tests", "{C1E18241-B857-4094-BBC1-FCEA422E6725}"
EndProject
Project("{FAE04EC0-301F-11D3-BF4B-00C04F79EFBC}") = "UBA.Panel.Report.Api.Client", "Services\Reports\UBA.Panel.Report.Api.Client\UBA.Panel.Report.Api.Client.csproj", "{47CEED51-67C4-4EB7-97B3-0BF9EDEEB602}"
EndProject
Project("{FAE04EC0-301F-11D3-BF4B-00C04F79EFBC}") = "UBA.Panel.Frontend.Client", "Frontend\Client\UBA.Panel.Frontend.Client.csproj", "{4B271FC9-5BB9-434C-AE02-32C078B19F4A}"
EndProject
Project("{FAE04EC0-301F-11D3-BF4B-00C04F79EFBC}") = "UBA.Panel.Frontend.Server", "Frontend\Server\UBA.Panel.Frontend.Server.csproj", "{BD9CAF39-DB4D-4264-8FB4-250EE5A35479}"
EndProject
Project("{FAE04EC0-301F-11D3-BF4B-00C04F79EFBC}") = "UBA.Panel.Frontend.Shared", "Frontend\Shared\UBA.Panel.Frontend.Shared.csproj", "{8D9D6222-E30F-40CD-809B-FFF0C829563F}"
EndProject
Project("{FAE04EC0-301F-11D3-BF4B-00C04F79EFBC}") = "UBA.Panel.Report.Excel", "Services\Reports\UBA.Panel.Report.Excel\UBA.Panel.Report.Excel.csproj", "{E04B39B6-2A23-4796-B763-A44C1787CAFA}"
EndProject
Global
	GlobalSection(SolutionConfigurationPlatforms) = preSolution
		Debug|Any CPU = Debug|Any CPU
		Release|Any CPU = Release|Any CPU
	EndGlobalSection
	GlobalSection(NestedProjects) = preSolution
		{AF899339-0F4E-44A7-8244-36797470D6F3} = {9BBBBF1F-0143-495A-B568-0643DB974723}
		{0805B87D-4087-4D21-8D4A-922588A5B1E7} = {AF899339-0F4E-44A7-8244-36797470D6F3}
		{250786E8-F627-46D6-91B8-1AD8D92F4DC0} = {AF899339-0F4E-44A7-8244-36797470D6F3}
		{B122F25C-E577-4CBC-B884-FA9578086911} = {AF899339-0F4E-44A7-8244-36797470D6F3}
		{970471F7-3287-4814-ABAD-21C5536FB912} = {AF899339-0F4E-44A7-8244-36797470D6F3}
		{14B5A0D8-3AC6-4DC0-B1CC-5F25B6A6EEE2} = {AF899339-0F4E-44A7-8244-36797470D6F3}
		{C1E18241-B857-4094-BBC1-FCEA422E6725} = {AF899339-0F4E-44A7-8244-36797470D6F3}
		{47CEED51-67C4-4EB7-97B3-0BF9EDEEB602} = {AF899339-0F4E-44A7-8244-36797470D6F3}
		{4B271FC9-5BB9-434C-AE02-32C078B19F4A} = {E0A72528-84E5-43FD-8B05-9D986DD70C07}
		{BD9CAF39-DB4D-4264-8FB4-250EE5A35479} = {E0A72528-84E5-43FD-8B05-9D986DD70C07}
		{8D9D6222-E30F-40CD-809B-FFF0C829563F} = {E0A72528-84E5-43FD-8B05-9D986DD70C07}
		{E04B39B6-2A23-4796-B763-A44C1787CAFA} = {AF899339-0F4E-44A7-8244-36797470D6F3}
	EndGlobalSection
	GlobalSection(ProjectConfigurationPlatforms) = postSolution
		{0805B87D-4087-4D21-8D4A-922588A5B1E7}.Debug|Any CPU.ActiveCfg = Debug|Any CPU
		{0805B87D-4087-4D21-8D4A-922588A5B1E7}.Debug|Any CPU.Build.0 = Debug|Any CPU
		{0805B87D-4087-4D21-8D4A-922588A5B1E7}.Release|Any CPU.ActiveCfg = Release|Any CPU
		{0805B87D-4087-4D21-8D4A-922588A5B1E7}.Release|Any CPU.Build.0 = Release|Any CPU
		{250786E8-F627-46D6-91B8-1AD8D92F4DC0}.Debug|Any CPU.ActiveCfg = Debug|Any CPU
		{250786E8-F627-46D6-91B8-1AD8D92F4DC0}.Debug|Any CPU.Build.0 = Debug|Any CPU
		{250786E8-F627-46D6-91B8-1AD8D92F4DC0}.Release|Any CPU.ActiveCfg = Release|Any CPU
		{250786E8-F627-46D6-91B8-1AD8D92F4DC0}.Release|Any CPU.Build.0 = Release|Any CPU
		{B122F25C-E577-4CBC-B884-FA9578086911}.Debug|Any CPU.ActiveCfg = Debug|Any CPU
		{B122F25C-E577-4CBC-B884-FA9578086911}.Debug|Any CPU.Build.0 = Debug|Any CPU
		{B122F25C-E577-4CBC-B884-FA9578086911}.Release|Any CPU.ActiveCfg = Release|Any CPU
		{B122F25C-E577-4CBC-B884-FA9578086911}.Release|Any CPU.Build.0 = Release|Any CPU
		{970471F7-3287-4814-ABAD-21C5536FB912}.Debug|Any CPU.ActiveCfg = Debug|Any CPU
		{970471F7-3287-4814-ABAD-21C5536FB912}.Debug|Any CPU.Build.0 = Debug|Any CPU
		{970471F7-3287-4814-ABAD-21C5536FB912}.Release|Any CPU.ActiveCfg = Release|Any CPU
		{970471F7-3287-4814-ABAD-21C5536FB912}.Release|Any CPU.Build.0 = Release|Any CPU
		{14B5A0D8-3AC6-4DC0-B1CC-5F25B6A6EEE2}.Debug|Any CPU.ActiveCfg = Debug|Any CPU
		{14B5A0D8-3AC6-4DC0-B1CC-5F25B6A6EEE2}.Debug|Any CPU.Build.0 = Debug|Any CPU
		{14B5A0D8-3AC6-4DC0-B1CC-5F25B6A6EEE2}.Release|Any CPU.ActiveCfg = Release|Any CPU
		{14B5A0D8-3AC6-4DC0-B1CC-5F25B6A6EEE2}.Release|Any CPU.Build.0 = Release|Any CPU
		{47CEED51-67C4-4EB7-97B3-0BF9EDEEB602}.Debug|Any CPU.ActiveCfg = Debug|Any CPU
		{47CEED51-67C4-4EB7-97B3-0BF9EDEEB602}.Debug|Any CPU.Build.0 = Debug|Any CPU
		{47CEED51-67C4-4EB7-97B3-0BF9EDEEB602}.Release|Any CPU.ActiveCfg = Release|Any CPU
		{47CEED51-67C4-4EB7-97B3-0BF9EDEEB602}.Release|Any CPU.Build.0 = Release|Any CPU
		{4B271FC9-5BB9-434C-AE02-32C078B19F4A}.Debug|Any CPU.ActiveCfg = Debug|Any CPU
		{4B271FC9-5BB9-434C-AE02-32C078B19F4A}.Debug|Any CPU.Build.0 = Debug|Any CPU
		{4B271FC9-5BB9-434C-AE02-32C078B19F4A}.Release|Any CPU.ActiveCfg = Release|Any CPU
		{4B271FC9-5BB9-434C-AE02-32C078B19F4A}.Release|Any CPU.Build.0 = Release|Any CPU
		{BD9CAF39-DB4D-4264-8FB4-250EE5A35479}.Debug|Any CPU.ActiveCfg = Debug|Any CPU
		{BD9CAF39-DB4D-4264-8FB4-250EE5A35479}.Debug|Any CPU.Build.0 = Debug|Any CPU
		{BD9CAF39-DB4D-4264-8FB4-250EE5A35479}.Release|Any CPU.ActiveCfg = Release|Any CPU
		{BD9CAF39-DB4D-4264-8FB4-250EE5A35479}.Release|Any CPU.Build.0 = Release|Any CPU
		{8D9D6222-E30F-40CD-809B-FFF0C829563F}.Debug|Any CPU.ActiveCfg = Debug|Any CPU
		{8D9D6222-E30F-40CD-809B-FFF0C829563F}.Debug|Any CPU.Build.0 = Debug|Any CPU
		{8D9D6222-E30F-40CD-809B-FFF0C829563F}.Release|Any CPU.ActiveCfg = Release|Any CPU
		{8D9D6222-E30F-40CD-809B-FFF0C829563F}.Release|Any CPU.Build.0 = Release|Any CPU
		{E04B39B6-2A23-4796-B763-A44C1787CAFA}.Debug|Any CPU.ActiveCfg = Debug|Any CPU
		{E04B39B6-2A23-4796-B763-A44C1787CAFA}.Debug|Any CPU.Build.0 = Debug|Any CPU
		{E04B39B6-2A23-4796-B763-A44C1787CAFA}.Release|Any CPU.ActiveCfg = Release|Any CPU
		{E04B39B6-2A23-4796-B763-A44C1787CAFA}.Release|Any CPU.Build.0 = Release|Any CPU
	EndGlobalSection
EndGlobal
