Microsoft Visual Studio Solution File, Format Version 12.00
# Visual Studio Version 17
VisualStudioVersion = 17.9.34414.90
MinimumVisualStudioVersion = 10.0.40219.1
Project("{2150E333-8FDC-42A3-9474-1A3956D46DE8}") = "Services", "Services", "{9BBBBF1F-0143-495A-B568-0643DB974723}"
EndProject
Project("{9A19103F-16F7-4668-BE54-9A1E7A4F7556}") = "UBA.Panel.Report.Api", "Services\Reports\UBA.Panel.Report.Api\UBA.Panel.Report.Api.csproj", "{0805B87D-4087-4D21-8D4A-922588A5B1E7}"
EndProject
Project("{2150E333-8FDC-42A3-9474-1A3956D46DE8}") = "Reports", "Reports", "{AF899339-0F4E-44A7-8244-36797470D6F3}"
EndProject
Project("{9A19103F-16F7-4668-BE54-9A1E7A4F7556}") = "UBA.Panel.Report.Domain", "Services\Reports\UBA.Panel.Report.Domain\UBA.Panel.Report.Domain.csproj", "{250786E8-F627-46D6-91B8-1AD8D92F4DC0}"
EndProject
Project("{9A19103F-16F7-4668-BE54-9A1E7A4F7556}") = "UBA.Panel.Report.Infrastructure", "Services\Reports\UBA.Panel.Report.Infrastructure\UBA.Panel.Report.Infrastructure.csproj", "{B122F25C-E577-4CBC-B884-FA9578086911}"
EndProject
Project("{9A19103F-16F7-4668-BE54-9A1E7A4F7556}") = "UBA.Panel.Report.FileProcessor.Functions", "Services\Reports\UBA.Panel.Report.FileProcessor.Functions\UBA.Panel.Report.FileProcessor.Functions.csproj", "{970471F7-3287-4814-ABAD-21C5536FB912}"
EndProject
Project("{2150E333-8FDC-42A3-9474-1A3956D46DE8}") = "Frontend", "Frontend", "{E0A72528-84E5-43FD-8B05-9D986DD70C07}"
EndProject
Project("{9A19103F-16F7-4668-BE54-9A1E7A4F7556}") = "UBA.Panel.Report.Common", "Services\Reports\UBA.Panel.Report.Common\UBA.Panel.Report.Common.csproj", "{14B5A0D8-3AC6-4DC0-B1CC-5F25B6A6EEE2}"
EndProject
Project("{2150E333-8FDC-42A3-9474-1A3956D46DE8}") = "Tests", "Tests", "{C1E18241-B857-4094-BBC1-FCEA422E6725}"
EndProject
Project("{9A19103F-16F7-4668-BE54-9A1E7A4F7556}") = "UBA.Panel.Report.Api.Client", "Services\Reports\UBA.Panel.Report.Api.Client\UBA.Panel.Report.Api.Client.csproj", "{47CEED51-67C4-4EB7-97B3-0BF9EDEEB602}"
EndProject
Project("{9A19103F-16F7-4668-BE54-9A1E7A4F7556}") = "UBA.Panel.Frontend.Client", "Frontend\Client\UBA.Panel.Frontend.Client.csproj", "{4B271FC9-5BB9-434C-AE02-32C078B19F4A}"
EndProject
Project("{9A19103F-16F7-4668-BE54-9A1E7A4F7556}") = "UBA.Panel.Frontend.Server", "Frontend\Server\UBA.Panel.Frontend.Server.csproj", "{BD9CAF39-DB4D-4264-8FB4-250EE5A35479}"
EndProject
Project("{9A19103F-16F7-4668-BE54-9A1E7A4F7556}") = "UBA.Panel.Frontend.Shared", "Frontend\Shared\UBA.Panel.Frontend.Shared.csproj", "{8D9D6222-E30F-40CD-809B-FFF0C829563F}"
EndProject
Project("{9A19103F-16F7-4668-BE54-9A1E7A4F7556}") = "UBA.Panel.Report.Excel", "Services\Reports\UBA.Panel.Report.Excel\UBA.Panel.Report.Excel.csproj", "{E04B39B6-2A23-4796-B763-A44C1787CAFA}"
EndProject
Project("{E53339B2-1760-4266-BCC7-CA923CBCF16C}") = "docker-compose", "docker-compose.dcproj", "{57D47B04-4B6A-4FC5-AD21-B8A2DDA4066A}"
EndProject
Project("{FAE04EC0-301F-11D3-BF4B-00C04F79EFBC}") = "UBA.Panel.Report.Infrastructure.Tests", "Services\Reports\UBA.Panel.Report.Infrastructure.Tests\UBA.Panel.Report.Infrastructure.Tests.csproj", "{AEE2F7B8-D97A-4FFE-AB81-0D6D636678E6}"
EndProject
Project("{FAE04EC0-301F-11D3-BF4B-00C04F79EFBC}") = "UBA.Panel.Report.Excel.Tests", "Services\Reports\UBA.Panel.Report.Excel.Tests\UBA.Panel.Report.Excel.Tests.csproj", "{970B4E8E-1B8E-4BDD-96D8-E3DF908E53C4}"
EndProject
Project("{FAE04EC0-301F-11D3-BF4B-00C04F79EFBC}") = "UBA.Panel.Report.Api.Client.Tests", "Services\Reports\UBA.Panel.Report.Api.Client.Tests\UBA.Panel.Report.Api.Client.Tests.csproj", "{1A0AE3ED-46DD-4859-8279-8E6320945C22}"
EndProject
Project("{FAE04EC0-301F-11D3-BF4B-00C04F79EFBC}") = "UBA.Panel.Report.FileProcessor.Functions.Tests", "Services\Reports\UBA.Panel.Report.FileProcessor.Functions.Tests\UBA.Panel.Report.FileProcessor.Functions.Tests.csproj", "{39EA3616-3FCB-4C35-9D3F-959572BA9E6A}"
EndProject
Project("{FAE04EC0-301F-11D3-BF4B-00C04F79EFBC}") = "UBA.Panel.Report.Api.Tests", "Services\Reports\UBA.Panel.Report.Api.Tests\UBA.Panel.Report.Api.Tests.csproj", "{86DDAEC6-3906-44C0-8232-21029785FA69}"
EndProject
Global
	GlobalSection(SolutionConfigurationPlatforms) = preSolution
		Debug|Any CPU = Debug|Any CPU
		Release|Any CPU = Release|Any CPU
	EndGlobalSection
	GlobalSection(ProjectConfigurationPlatforms) = postSolution
		{0805B87D-4087-4D21-8D4A-922588A5B1E7}.Debug|Any CPU.ActiveCfg = Debug|Any CPU
		{0805B87D-4087-4D21-8D4A-922588A5B1E7}.Debug|Any CPU.Build.0 = Debug|Any CPU
		{0805B87D-4087-4D21-8D4A-922588A5B1E7}.Release|Any CPU.ActiveCfg = Release|Any CPU
		{0805B87D-4087-4D21-8D4A-922588A5B1E7}.Release|Any CPU.Build.0 = Release|Any CPU
		{250786E8-F627-46D6-91B8-1AD8D92F4DC0}.Debug|Any CPU.ActiveCfg = Debug|Any CPU
		{250786E8-F627-46D6-91B8-1AD8D92F4DC0}.Debug|Any CPU.Build.0 = Debug|Any CPU
		{250786E8-F627-46D6-91B8-1AD8D92F4DC0}.Release|Any CPU.ActiveCfg = Release|Any CPU
		{250786E8-F627-46D6-91B8-1AD8D92F4DC0}.Release|Any CPU.Build.0 = Release|Any CPU
		{B122F25C-E577-4CBC-B884-FA9578086911}.Debug|Any CPU.ActiveCfg = Debug|Any CPU
		{B122F25C-E577-4CBC-B884-FA9578086911}.Debug|Any CPU.Build.0 = Debug|Any CPU
		{B122F25C-E577-4CBC-B884-FA9578086911}.Release|Any CPU.ActiveCfg = Release|Any CPU
		{B122F25C-E577-4CBC-B884-FA9578086911}.Release|Any CPU.Build.0 = Release|Any CPU
		{970471F7-3287-4814-ABAD-21C5536FB912}.Debug|Any CPU.ActiveCfg = Debug|Any CPU
		{970471F7-3287-4814-ABAD-21C5536FB912}.Debug|Any CPU.Build.0 = Debug|Any CPU
		{970471F7-3287-4814-ABAD-21C5536FB912}.Release|Any CPU.ActiveCfg = Release|Any CPU
		{970471F7-3287-4814-ABAD-21C5536FB912}.Release|Any CPU.Build.0 = Release|Any CPU
		{14B5A0D8-3AC6-4DC0-B1CC-5F25B6A6EEE2}.Debug|Any CPU.ActiveCfg = Debug|Any CPU
		{14B5A0D8-3AC6-4DC0-B1CC-5F25B6A6EEE2}.Debug|Any CPU.Build.0 = Debug|Any CPU
		{14B5A0D8-3AC6-4DC0-B1CC-5F25B6A6EEE2}.Release|Any CPU.ActiveCfg = Release|Any CPU
		{14B5A0D8-3AC6-4DC0-B1CC-5F25B6A6EEE2}.Release|Any CPU.Build.0 = Release|Any CPU
		{47CEED51-67C4-4EB7-97B3-0BF9EDEEB602}.Debug|Any CPU.ActiveCfg = Debug|Any CPU
		{47CEED51-67C4-4EB7-97B3-0BF9EDEEB602}.Debug|Any CPU.Build.0 = Debug|Any CPU
		{47CEED51-67C4-4EB7-97B3-0BF9EDEEB602}.Release|Any CPU.ActiveCfg = Release|Any CPU
		{47CEED51-67C4-4EB7-97B3-0BF9EDEEB602}.Release|Any CPU.Build.0 = Release|Any CPU
		{4B271FC9-5BB9-434C-AE02-32C078B19F4A}.Debug|Any CPU.ActiveCfg = Debug|Any CPU
		{4B271FC9-5BB9-434C-AE02-32C078B19F4A}.Debug|Any CPU.Build.0 = Debug|Any CPU
		{4B271FC9-5BB9-434C-AE02-32C078B19F4A}.Release|Any CPU.ActiveCfg = Release|Any CPU
		{4B271FC9-5BB9-434C-AE02-32C078B19F4A}.Release|Any CPU.Build.0 = Release|Any CPU
		{BD9CAF39-DB4D-4264-8FB4-250EE5A35479}.Debug|Any CPU.ActiveCfg = Debug|Any CPU
		{BD9CAF39-DB4D-4264-8FB4-250EE5A35479}.Debug|Any CPU.Build.0 = Debug|Any CPU
		{BD9CAF39-DB4D-4264-8FB4-250EE5A35479}.Release|Any CPU.ActiveCfg = Release|Any CPU
		{BD9CAF39-DB4D-4264-8FB4-250EE5A35479}.Release|Any CPU.Build.0 = Release|Any CPU
		{8D9D6222-E30F-40CD-809B-FFF0C829563F}.Debug|Any CPU.ActiveCfg = Debug|Any CPU
		{8D9D6222-E30F-40CD-809B-FFF0C829563F}.Debug|Any CPU.Build.0 = Debug|Any CPU
		{8D9D6222-E30F-40CD-809B-FFF0C829563F}.Release|Any CPU.ActiveCfg = Release|Any CPU
		{8D9D6222-E30F-40CD-809B-FFF0C829563F}.Release|Any CPU.Build.0 = Release|Any CPU
		{E04B39B6-2A23-4796-B763-A44C1787CAFA}.Debug|Any CPU.ActiveCfg = Debug|Any CPU
		{E04B39B6-2A23-4796-B763-A44C1787CAFA}.Debug|Any CPU.Build.0 = Debug|Any CPU
		{E04B39B6-2A23-4796-B763-A44C1787CAFA}.Release|Any CPU.ActiveCfg = Release|Any CPU
		{E04B39B6-2A23-4796-B763-A44C1787CAFA}.Release|Any CPU.Build.0 = Release|Any CPU
		{57D47B04-4B6A-4FC5-AD21-B8A2DDA4066A}.Debug|Any CPU.ActiveCfg = Debug|Any CPU
		{57D47B04-4B6A-4FC5-AD21-B8A2DDA4066A}.Debug|Any CPU.Build.0 = Debug|Any CPU
		{57D47B04-4B6A-4FC5-AD21-B8A2DDA4066A}.Release|Any CPU.ActiveCfg = Release|Any CPU
		{57D47B04-4B6A-4FC5-AD21-B8A2DDA4066A}.Release|Any CPU.Build.0 = Release|Any CPU
		{AEE2F7B8-D97A-4FFE-AB81-0D6D636678E6}.Debug|Any CPU.ActiveCfg = Debug|Any CPU
		{AEE2F7B8-D97A-4FFE-AB81-0D6D636678E6}.Debug|Any CPU.Build.0 = Debug|Any CPU
		{AEE2F7B8-D97A-4FFE-AB81-0D6D636678E6}.Release|Any CPU.ActiveCfg = Release|Any CPU
		{AEE2F7B8-D97A-4FFE-AB81-0D6D636678E6}.Release|Any CPU.Build.0 = Release|Any CPU
		{970B4E8E-1B8E-4BDD-96D8-E3DF908E53C4}.Debug|Any CPU.ActiveCfg = Debug|Any CPU
		{970B4E8E-1B8E-4BDD-96D8-E3DF908E53C4}.Debug|Any CPU.Build.0 = Debug|Any CPU
		{970B4E8E-1B8E-4BDD-96D8-E3DF908E53C4}.Release|Any CPU.ActiveCfg = Release|Any CPU
		{970B4E8E-1B8E-4BDD-96D8-E3DF908E53C4}.Release|Any CPU.Build.0 = Release|Any CPU
		{1A0AE3ED-46DD-4859-8279-8E6320945C22}.Debug|Any CPU.ActiveCfg = Debug|Any CPU
		{1A0AE3ED-46DD-4859-8279-8E6320945C22}.Debug|Any CPU.Build.0 = Debug|Any CPU
		{1A0AE3ED-46DD-4859-8279-8E6320945C22}.Release|Any CPU.ActiveCfg = Release|Any CPU
		{1A0AE3ED-46DD-4859-8279-8E6320945C22}.Release|Any CPU.Build.0 = Release|Any CPU
		{39EA3616-3FCB-4C35-9D3F-959572BA9E6A}.Debug|Any CPU.ActiveCfg = Debug|Any CPU
		{39EA3616-3FCB-4C35-9D3F-959572BA9E6A}.Debug|Any CPU.Build.0 = Debug|Any CPU
		{39EA3616-3FCB-4C35-9D3F-959572BA9E6A}.Release|Any CPU.ActiveCfg = Release|Any CPU
		{39EA3616-3FCB-4C35-9D3F-959572BA9E6A}.Release|Any CPU.Build.0 = Release|Any CPU
		{86DDAEC6-3906-44C0-8232-21029785FA69}.Debug|Any CPU.ActiveCfg = Debug|Any CPU
		{86DDAEC6-3906-44C0-8232-21029785FA69}.Debug|Any CPU.Build.0 = Debug|Any CPU
		{86DDAEC6-3906-44C0-8232-21029785FA69}.Release|Any CPU.ActiveCfg = Release|Any CPU
		{86DDAEC6-3906-44C0-8232-21029785FA69}.Release|Any CPU.Build.0 = Release|Any CPU
	EndGlobalSection
	GlobalSection(SolutionProperties) = preSolution
		HideSolutionNode = FALSE
	EndGlobalSection
	GlobalSection(NestedProjects) = preSolution
		{0805B87D-4087-4D21-8D4A-922588A5B1E7} = {AF899339-0F4E-44A7-8244-36797470D6F3}
		{AF899339-0F4E-44A7-8244-36797470D6F3} = {9BBBBF1F-0143-495A-B568-0643DB974723}
		{250786E8-F627-46D6-91B8-1AD8D92F4DC0} = {AF899339-0F4E-44A7-8244-36797470D6F3}
		{B122F25C-E577-4CBC-B884-FA9578086911} = {AF899339-0F4E-44A7-8244-36797470D6F3}
		{970471F7-3287-4814-ABAD-21C5536FB912} = {AF899339-0F4E-44A7-8244-36797470D6F3}
		{14B5A0D8-3AC6-4DC0-B1CC-5F25B6A6EEE2} = {AF899339-0F4E-44A7-8244-36797470D6F3}
		{C1E18241-B857-4094-BBC1-FCEA422E6725} = {AF899339-0F4E-44A7-8244-36797470D6F3}
		{47CEED51-67C4-4EB7-97B3-0BF9EDEEB602} = {AF899339-0F4E-44A7-8244-36797470D6F3}
		{4B271FC9-5BB9-434C-AE02-32C078B19F4A} = {E0A72528-84E5-43FD-8B05-9D986DD70C07}
		{BD9CAF39-DB4D-4264-8FB4-250EE5A35479} = {E0A72528-84E5-43FD-8B05-9D986DD70C07}
		{8D9D6222-E30F-40CD-809B-FFF0C829563F} = {E0A72528-84E5-43FD-8B05-9D986DD70C07}
		{E04B39B6-2A23-4796-B763-A44C1787CAFA} = {AF899339-0F4E-44A7-8244-36797470D6F3}
		{AEE2F7B8-D97A-4FFE-AB81-0D6D636678E6} = {C1E18241-B857-4094-BBC1-FCEA422E6725}
		{970B4E8E-1B8E-4BDD-96D8-E3DF908E53C4} = {C1E18241-B857-4094-BBC1-FCEA422E6725}
		{1A0AE3ED-46DD-4859-8279-8E6320945C22} = {C1E18241-B857-4094-BBC1-FCEA422E6725}
		{39EA3616-3FCB-4C35-9D3F-959572BA9E6A} = {C1E18241-B857-4094-BBC1-FCEA422E6725}
		{86DDAEC6-3906-44C0-8232-21029785FA69} = {C1E18241-B857-4094-BBC1-FCEA422E6725}
	EndGlobalSection
	GlobalSection(ExtensibilityGlobals) = postSolution
		SolutionGuid = {73E48B5B-2224-4CE4-95F4-308A4817221A}
	EndGlobalSection
EndGlobal
