
Microsoft Visual Studio Solution File, Format Version 12.00
Project("{2150E333-8FDC-42A3-9474-1A3956D46DE8}") = "Services", "Services", "{9BBBBF1F-0143-495A-B568-0643DB974723}"
EndProject
Project("{FAE04EC0-301F-11D3-BF4B-00C04F79EFBC}") = "UBA.Panel.Report.Api", "Services\Reports\UBA.Panel.Report.Api\UBA.Panel.Report.Api.csproj", "{0805B87D-4087-4D21-8D4A-922588A5B1E7}"
EndProject
Project("{2150E333-8FDC-42A3-9474-1A3956D46DE8}") = "Reports", "Reports", "{AF899339-0F4E-44A7-8244-36797470D6F3}"
EndProject
Project("{FAE04EC0-301F-11D3-BF4B-00C04F79EFBC}") = "UBA.Panel.Report.Domain", "Services\Reports\UBA.Panel.Report.Domain\UBA.Panel.Report.Domain.csproj", "{250786E8-F627-46D6-91B8-1AD8D92F4DC0}"
EndProject
Project("{FAE04EC0-301F-11D3-BF4B-00C04F79EFBC}") = "UBA.Panel.Report.Infrastructure", "Services\Reports\UBA.Panel.Report.Infrastructure\UBA.Panel.Report.Infrastructure.csproj", "{B122F25C-E577-4CBC-B884-FA9578086911}"
EndProject
Project("{FAE04EC0-301F-11D3-BF4B-00C04F79EFBC}") = "UBA.Panel.Report.Tests", "Services\Reports\UBA.Panel.Report.Tests\UBA.Panel.Report.Tests.csproj", "{CE74786D-932B-491D-B1B8-561F22DFAFA7}"
EndProject
Project("{FAE04EC0-301F-11D3-BF4B-00C04F79EFBC}") = "UBA.Panel.Report.FileProcessor.Functions", "Services\Reports\UBA.Panel.Report.FileProcessor.Functions\UBA.Panel.Report.FileProcessor.Functions.csproj", "{970471F7-3287-4814-ABAD-21C5536FB912}"
EndProject
Project("{2150E333-8FDC-42A3-9474-1A3956D46DE8}") = "Frontend", "Frontend", "{E0A72528-84E5-43FD-8B05-9D986DD70C07}"
EndProject
Project("{FAE04EC0-301F-11D3-BF4B-00C04F79EFBC}") = "UBA.Panel.Frontend.Wasm.Server", "Frontend\UBA.Panel.Frontend.Wasm\Server\UBA.Panel.Frontend.Wasm.Server.csproj", "{63C7D671-CABE-4C24-AE18-23EA8E33F8F8}"
EndProject
Project("{FAE04EC0-301F-11D3-BF4B-00C04F79EFBC}") = "UBA.Panel.Frontend.Wasm.Client", "Frontend\UBA.Panel.Frontend.Wasm\Client\UBA.Panel.Frontend.Wasm.Client.csproj", "{5B47D5A6-C9BC-4F2C-AC9D-89C1CFE72A65}"
EndProject
Project("{FAE04EC0-301F-11D3-BF4B-00C04F79EFBC}") = "UBA.Panel.Frontend.Wasm.Shared", "Frontend\UBA.Panel.Frontend.Wasm\Shared\UBA.Panel.Frontend.Wasm.Shared.csproj", "{B59E6A09-F185-43CD-B966-EFAA84C51BCD}"
EndProject
Global
	GlobalSection(SolutionConfigurationPlatforms) = preSolution
		Debug|Any CPU = Debug|Any CPU
		Release|Any CPU = Release|Any CPU
	EndGlobalSection
	GlobalSection(NestedProjects) = preSolution
		{AF899339-0F4E-44A7-8244-36797470D6F3} = {9BBBBF1F-0143-495A-B568-0643DB974723}
		{0805B87D-4087-4D21-8D4A-922588A5B1E7} = {AF899339-0F4E-44A7-8244-36797470D6F3}
		{250786E8-F627-46D6-91B8-1AD8D92F4DC0} = {AF899339-0F4E-44A7-8244-36797470D6F3}
		{B122F25C-E577-4CBC-B884-FA9578086911} = {AF899339-0F4E-44A7-8244-36797470D6F3}
		{CE74786D-932B-491D-B1B8-561F22DFAFA7} = {AF899339-0F4E-44A7-8244-36797470D6F3}
		{970471F7-3287-4814-ABAD-21C5536FB912} = {AF899339-0F4E-44A7-8244-36797470D6F3}
		{63C7D671-CABE-4C24-AE18-23EA8E33F8F8} = {E0A72528-84E5-43FD-8B05-9D986DD70C07}
		{5B47D5A6-C9BC-4F2C-AC9D-89C1CFE72A65} = {E0A72528-84E5-43FD-8B05-9D986DD70C07}
		{B59E6A09-F185-43CD-B966-EFAA84C51BCD} = {E0A72528-84E5-43FD-8B05-9D986DD70C07}
	EndGlobalSection
	GlobalSection(ProjectConfigurationPlatforms) = postSolution
		{0805B87D-4087-4D21-8D4A-922588A5B1E7}.Debug|Any CPU.ActiveCfg = Debug|Any CPU
		{0805B87D-4087-4D21-8D4A-922588A5B1E7}.Debug|Any CPU.Build.0 = Debug|Any CPU
		{0805B87D-4087-4D21-8D4A-922588A5B1E7}.Release|Any CPU.ActiveCfg = Release|Any CPU
		{0805B87D-4087-4D21-8D4A-922588A5B1E7}.Release|Any CPU.Build.0 = Release|Any CPU
		{250786E8-F627-46D6-91B8-1AD8D92F4DC0}.Debug|Any CPU.ActiveCfg = Debug|Any CPU
		{250786E8-F627-46D6-91B8-1AD8D92F4DC0}.Debug|Any CPU.Build.0 = Debug|Any CPU
		{250786E8-F627-46D6-91B8-1AD8D92F4DC0}.Release|Any CPU.ActiveCfg = Release|Any CPU
		{250786E8-F627-46D6-91B8-1AD8D92F4DC0}.Release|Any CPU.Build.0 = Release|Any CPU
		{B122F25C-E577-4CBC-B884-FA9578086911}.Debug|Any CPU.ActiveCfg = Debug|Any CPU
		{B122F25C-E577-4CBC-B884-FA9578086911}.Debug|Any CPU.Build.0 = Debug|Any CPU
		{B122F25C-E577-4CBC-B884-FA9578086911}.Release|Any CPU.ActiveCfg = Release|Any CPU
		{B122F25C-E577-4CBC-B884-FA9578086911}.Release|Any CPU.Build.0 = Release|Any CPU
		{CE74786D-932B-491D-B1B8-561F22DFAFA7}.Debug|Any CPU.ActiveCfg = Debug|Any CPU
		{CE74786D-932B-491D-B1B8-561F22DFAFA7}.Debug|Any CPU.Build.0 = Debug|Any CPU
		{CE74786D-932B-491D-B1B8-561F22DFAFA7}.Release|Any CPU.ActiveCfg = Release|Any CPU
		{CE74786D-932B-491D-B1B8-561F22DFAFA7}.Release|Any CPU.Build.0 = Release|Any CPU
		{970471F7-3287-4814-ABAD-21C5536FB912}.Debug|Any CPU.ActiveCfg = Debug|Any CPU
		{970471F7-3287-4814-ABAD-21C5536FB912}.Debug|Any CPU.Build.0 = Debug|Any CPU
		{970471F7-3287-4814-ABAD-21C5536FB912}.Release|Any CPU.ActiveCfg = Release|Any CPU
		{970471F7-3287-4814-ABAD-21C5536FB912}.Release|Any CPU.Build.0 = Release|Any CPU
		{63C7D671-CABE-4C24-AE18-23EA8E33F8F8}.Debug|Any CPU.ActiveCfg = Debug|Any CPU
		{63C7D671-CABE-4C24-AE18-23EA8E33F8F8}.Debug|Any CPU.Build.0 = Debug|Any CPU
		{63C7D671-CABE-4C24-AE18-23EA8E33F8F8}.Release|Any CPU.ActiveCfg = Release|Any CPU
		{63C7D671-CABE-4C24-AE18-23EA8E33F8F8}.Release|Any CPU.Build.0 = Release|Any CPU
		{5B47D5A6-C9BC-4F2C-AC9D-89C1CFE72A65}.Debug|Any CPU.ActiveCfg = Debug|Any CPU
		{5B47D5A6-C9BC-4F2C-AC9D-89C1CFE72A65}.Debug|Any CPU.Build.0 = Debug|Any CPU
		{5B47D5A6-C9BC-4F2C-AC9D-89C1CFE72A65}.Release|Any CPU.ActiveCfg = Release|Any CPU
		{5B47D5A6-C9BC-4F2C-AC9D-89C1CFE72A65}.Release|Any CPU.Build.0 = Release|Any CPU
		{B59E6A09-F185-43CD-B966-EFAA84C51BCD}.Debug|Any CPU.ActiveCfg = Debug|Any CPU
		{B59E6A09-F185-43CD-B966-EFAA84C51BCD}.Debug|Any CPU.Build.0 = Debug|Any CPU
		{B59E6A09-F185-43CD-B966-EFAA84C51BCD}.Release|Any CPU.ActiveCfg = Release|Any CPU
		{B59E6A09-F185-43CD-B966-EFAA84C51BCD}.Release|Any CPU.Build.0 = Release|Any CPU
	EndGlobalSection
EndGlobal
